
Microsoft Visual Studio Solution File, Format Version 12.00
# Visual Studio Version 17
VisualStudioVersion = 17.6.33801.468
MinimumVisualStudioVersion = 10.0.40219.1
Project("{FAE04EC0-301F-11D3-BF4B-00C04F79EFBC}") = "Not_Hesaplama_Uygulamasi", "Not_Hesaplama_Uygulamasi\Not_Hesaplama_Uygulamasi.csproj", "{AE0090E7-2326-440C-9168-E115D95092D2}"
EndProject
Global
	GlobalSection(SolutionConfigurationPlatforms) = preSolution
		Debug|Any CPU = Debug|Any CPU
		Release|Any CPU = Release|Any CPU
	EndGlobalSection
	GlobalSection(ProjectConfigurationPlatforms) = postSolution
		{AE0090E7-2326-440C-9168-E115D95092D2}.Debug|Any CPU.ActiveCfg = Debug|Any CPU
		{AE0090E7-2326-440C-9168-E115D95092D2}.Debug|Any CPU.Build.0 = Debug|Any CPU
		{AE0090E7-2326-440C-9168-E115D95092D2}.Release|Any CPU.ActiveCfg = Release|Any CPU
		{AE0090E7-2326-440C-9168-E115D95092D2}.Release|Any CPU.Build.0 = Release|Any CPU
	EndGlobalSection
	GlobalSection(SolutionProperties) = preSolution
		HideSolutionNode = FALSE
	EndGlobalSection
	GlobalSection(ExtensibilityGlobals) = postSolution
		SolutionGuid = {72779D64-2E94-4DBF-8F04-B40D1DD8FB2E}
	EndGlobalSection
EndGlobal
